
Microsoft Visual Studio Solution File, Format Version 12.00
# Visual Studio Version 16
VisualStudioVersion = 16.0.36227.6
MinimumVisualStudioVersion = 10.0.40219.1
Project("{9A19103F-16F7-4668-BE54-9A1E7A4F7556}") = "TT", "TT\TT.csproj", "{DCB16B49-E4A1-4E72-BFA7-4778F219C5B8}"
EndProject
Global
	GlobalSection(SolutionConfigurationPlatforms) = preSolution
		Debug|x64 = Debug|x64
		Release|x64 = Release|x64
	EndGlobalSection
	GlobalSection(ProjectConfigurationPlatforms) = postSolution
		{DCB16B49-E4A1-4E72-BFA7-4778F219C5B8}.Debug|x64.ActiveCfg = Debug|x64
		{DCB16B49-E4A1-4E72-BFA7-4778F219C5B8}.Debug|x64.Build.0 = Debug|x64
		{DCB16B49-E4A1-4E72-BFA7-4778F219C5B8}.Release|x64.ActiveCfg = Release|x64
		{DCB16B49-E4A1-4E72-BFA7-4778F219C5B8}.Release|x64.Build.0 = Release|x64
	EndGlobalSection
	GlobalSection(SolutionProperties) = preSolution
		HideSolutionNode = FALSE
	EndGlobalSection
	GlobalSection(ExtensibilityGlobals) = postSolution
		SolutionGuid = {47C23977-F8C5-4502-9924-35ECF0178256}
	EndGlobalSection
EndGlobal
